
Microsoft Visual Studio Solution File, Format Version 12.00
# Visual Studio Version 16
VisualStudioVersion = 16.0.30128.74
MinimumVisualStudioVersion = 10.0.40219.1
Project("{FAE04EC0-301F-11D3-BF4B-00C04F79EFBC}") = "ticket_reserve", "ticket_reserve.csproj", "{92D37EB3-9A74-420C-A937-D4D83F2805F2}"
EndProject
Global
	GlobalSection(SolutionConfigurationPlatforms) = preSolution
		Debug|Any CPU = Debug|Any CPU
		Release|Any CPU = Release|Any CPU
	EndGlobalSection
	GlobalSection(ProjectConfigurationPlatforms) = postSolution
		{92D37EB3-9A74-420C-A937-D4D83F2805F2}.Debug|Any CPU.ActiveCfg = Debug|Any CPU
		{92D37EB3-9A74-420C-A937-D4D83F2805F2}.Debug|Any CPU.Build.0 = Debug|Any CPU
		{92D37EB3-9A74-420C-A937-D4D83F2805F2}.Release|Any CPU.ActiveCfg = Release|Any CPU
		{92D37EB3-9A74-420C-A937-D4D83F2805F2}.Release|Any CPU.Build.0 = Release|Any CPU
	EndGlobalSection
	GlobalSection(SolutionProperties) = preSolution
		HideSolutionNode = FALSE
	EndGlobalSection
	GlobalSection(ExtensibilityGlobals) = postSolution
		SolutionGuid = {A39A2AD3-6EA4-41B9-8A60-A5AB291DDBF0}
	EndGlobalSection
EndGlobal
