
Microsoft Visual Studio Solution File, Format Version 12.00
# Visual Studio Version 16
VisualStudioVersion = 16.0.30128.74
MinimumVisualStudioVersion = 10.0.40219.1
Project("{2150E333-8FDC-42A3-9474-1A3956D46DE8}") = "Solution Items", "Solution Items", "{29E1EAB2-5D45-4487-8C1C-7841906D2546}"
	ProjectSection(SolutionItems) = preProject
		.editorconfig = .editorconfig
	EndProjectSection
EndProject
Project("{9A19103F-16F7-4668-BE54-9A1E7A4F7556}") = "DAL", "DAL\DAL.csproj", "{DBB57550-F67B-4C9E-A557-5509185CC057}"
EndProject
Project("{9A19103F-16F7-4668-BE54-9A1E7A4F7556}") = "DAL.tests", "DAL.tests\DAL.tests.csproj", "{D7A7E48F-2A11-431E-A67F-2415B9A164C7}"
EndProject
Project("{FAE04EC0-301F-11D3-BF4B-00C04F79EFBC}") = "BLL", "BLL\BLL.csproj", "{F344F411-F62E-40DE-8316-6F83B74F0119}"
EndProject
Project("{FAE04EC0-301F-11D3-BF4B-00C04F79EFBC}") = "CCL", "CCL\CCL.csproj", "{FB34D00D-95DB-4553-AC9E-A9EC1D11BA66}"
EndProject
Project("{FAE04EC0-301F-11D3-BF4B-00C04F79EFBC}") = "BLL.Tests", "BLL.Tests\BLL.Tests.csproj", "{36EDE3AB-4E34-4543-9DCD-B41411C2DF9A}"
EndProject
Global
	GlobalSection(SolutionConfigurationPlatforms) = preSolution
		Debug|Any CPU = Debug|Any CPU
		Release|Any CPU = Release|Any CPU
	EndGlobalSection
	GlobalSection(ProjectConfigurationPlatforms) = postSolution
		{DBB57550-F67B-4C9E-A557-5509185CC057}.Debug|Any CPU.ActiveCfg = Debug|Any CPU
		{DBB57550-F67B-4C9E-A557-5509185CC057}.Debug|Any CPU.Build.0 = Debug|Any CPU
		{DBB57550-F67B-4C9E-A557-5509185CC057}.Release|Any CPU.ActiveCfg = Release|Any CPU
		{DBB57550-F67B-4C9E-A557-5509185CC057}.Release|Any CPU.Build.0 = Release|Any CPU
		{D7A7E48F-2A11-431E-A67F-2415B9A164C7}.Debug|Any CPU.ActiveCfg = Debug|Any CPU
		{D7A7E48F-2A11-431E-A67F-2415B9A164C7}.Debug|Any CPU.Build.0 = Debug|Any CPU
		{D7A7E48F-2A11-431E-A67F-2415B9A164C7}.Release|Any CPU.ActiveCfg = Release|Any CPU
		{D7A7E48F-2A11-431E-A67F-2415B9A164C7}.Release|Any CPU.Build.0 = Release|Any CPU
		{F344F411-F62E-40DE-8316-6F83B74F0119}.Debug|Any CPU.ActiveCfg = Debug|Any CPU
		{F344F411-F62E-40DE-8316-6F83B74F0119}.Debug|Any CPU.Build.0 = Debug|Any CPU
		{F344F411-F62E-40DE-8316-6F83B74F0119}.Release|Any CPU.ActiveCfg = Release|Any CPU
		{F344F411-F62E-40DE-8316-6F83B74F0119}.Release|Any CPU.Build.0 = Release|Any CPU
		{FB34D00D-95DB-4553-AC9E-A9EC1D11BA66}.Debug|Any CPU.ActiveCfg = Debug|Any CPU
		{FB34D00D-95DB-4553-AC9E-A9EC1D11BA66}.Debug|Any CPU.Build.0 = Debug|Any CPU
		{FB34D00D-95DB-4553-AC9E-A9EC1D11BA66}.Release|Any CPU.ActiveCfg = Release|Any CPU
		{FB34D00D-95DB-4553-AC9E-A9EC1D11BA66}.Release|Any CPU.Build.0 = Release|Any CPU
		{36EDE3AB-4E34-4543-9DCD-B41411C2DF9A}.Debug|Any CPU.ActiveCfg = Debug|Any CPU
		{36EDE3AB-4E34-4543-9DCD-B41411C2DF9A}.Debug|Any CPU.Build.0 = Debug|Any CPU
		{36EDE3AB-4E34-4543-9DCD-B41411C2DF9A}.Release|Any CPU.ActiveCfg = Release|Any CPU
		{36EDE3AB-4E34-4543-9DCD-B41411C2DF9A}.Release|Any CPU.Build.0 = Release|Any CPU
	EndGlobalSection
	GlobalSection(SolutionProperties) = preSolution
		HideSolutionNode = FALSE
	EndGlobalSection
	GlobalSection(ExtensibilityGlobals) = postSolution
		SolutionGuid = {A39A2AD3-6EA4-41B9-8A60-A5AB291DDBF0}
	EndGlobalSection
EndGlobal
