
Microsoft Visual Studio Solution File, Format Version 12.00
# Visual Studio Version 16
VisualStudioVersion = 16.0.30128.74
MinimumVisualStudioVersion = 10.0.40219.1
Project("{FAE04EC0-301F-11D3-BF4B-00C04F79EFBC}") = "DAL.tests", "DAL.tests.csproj", "{E1BD6C20-06F4-4447-8521-547AB6EF96A0}"
EndProject
Global
	GlobalSection(SolutionConfigurationPlatforms) = preSolution
		Debug|Any CPU = Debug|Any CPU
		Release|Any CPU = Release|Any CPU
	EndGlobalSection
	GlobalSection(ProjectConfigurationPlatforms) = postSolution
		{E1BD6C20-06F4-4447-8521-547AB6EF96A0}.Debug|Any CPU.ActiveCfg = Debug|Any CPU
		{E1BD6C20-06F4-4447-8521-547AB6EF96A0}.Debug|Any CPU.Build.0 = Debug|Any CPU
		{E1BD6C20-06F4-4447-8521-547AB6EF96A0}.Release|Any CPU.ActiveCfg = Release|Any CPU
		{E1BD6C20-06F4-4447-8521-547AB6EF96A0}.Release|Any CPU.Build.0 = Release|Any CPU
	EndGlobalSection
	GlobalSection(SolutionProperties) = preSolution
		HideSolutionNode = FALSE
	EndGlobalSection
	GlobalSection(ExtensibilityGlobals) = postSolution
		SolutionGuid = {D7C8B0E7-4DCF-41C6-BEC7-49433481FF33}
	EndGlobalSection
EndGlobal
